
Microsoft Visual Studio Solution File, Format Version 12.00
# Visual Studio Version 17
VisualStudioVersion = 17.5.33627.172
MinimumVisualStudioVersion = 10.0.40219.1
Project("{FAE04EC0-301F-11D3-BF4B-00C04F79EFBC}") = "typydanych zadanie 3", "typydanych zadanie 3\typydanych zadanie 3.csproj", "{1C5D4A04-A279-46F7-9904-27CC8B75D4C7}"
EndProject
Global
	GlobalSection(SolutionConfigurationPlatforms) = preSolution
		Debug|Any CPU = Debug|Any CPU
		Release|Any CPU = Release|Any CPU
	EndGlobalSection
	GlobalSection(ProjectConfigurationPlatforms) = postSolution
		{1C5D4A04-A279-46F7-9904-27CC8B75D4C7}.Debug|Any CPU.ActiveCfg = Debug|Any CPU
		{1C5D4A04-A279-46F7-9904-27CC8B75D4C7}.Debug|Any CPU.Build.0 = Debug|Any CPU
		{1C5D4A04-A279-46F7-9904-27CC8B75D4C7}.Release|Any CPU.ActiveCfg = Release|Any CPU
		{1C5D4A04-A279-46F7-9904-27CC8B75D4C7}.Release|Any CPU.Build.0 = Release|Any CPU
	EndGlobalSection
	GlobalSection(SolutionProperties) = preSolution
		HideSolutionNode = FALSE
	EndGlobalSection
	GlobalSection(ExtensibilityGlobals) = postSolution
		SolutionGuid = {17279142-647A-48E7-A294-A8E8F3381465}
	EndGlobalSection
EndGlobal
