
Microsoft Visual Studio Solution File, Format Version 12.00
# Visual Studio Version 17
VisualStudioVersion = 17.5.33627.172
MinimumVisualStudioVersion = 10.0.40219.1
Project("{FAE04EC0-301F-11D3-BF4B-00C04F79EFBC}") = "tablice dwuwymiarowe zadanie 5", "tablice dwuwymiarowe zadanie 5\tablice dwuwymiarowe zadanie 5.csproj", "{30F90774-B035-4C01-BF9B-EA5D5469772C}"
EndProject
Global
	GlobalSection(SolutionConfigurationPlatforms) = preSolution
		Debug|Any CPU = Debug|Any CPU
		Release|Any CPU = Release|Any CPU
	EndGlobalSection
	GlobalSection(ProjectConfigurationPlatforms) = postSolution
		{30F90774-B035-4C01-BF9B-EA5D5469772C}.Debug|Any CPU.ActiveCfg = Debug|Any CPU
		{30F90774-B035-4C01-BF9B-EA5D5469772C}.Debug|Any CPU.Build.0 = Debug|Any CPU
		{30F90774-B035-4C01-BF9B-EA5D5469772C}.Release|Any CPU.ActiveCfg = Release|Any CPU
		{30F90774-B035-4C01-BF9B-EA5D5469772C}.Release|Any CPU.Build.0 = Release|Any CPU
	EndGlobalSection
	GlobalSection(SolutionProperties) = preSolution
		HideSolutionNode = FALSE
	EndGlobalSection
	GlobalSection(ExtensibilityGlobals) = postSolution
		SolutionGuid = {0913338C-893D-4E42-8E3E-56645D1B77C8}
	EndGlobalSection
EndGlobal
