
Microsoft Visual Studio Solution File, Format Version 12.00
# Visual Studio Version 17
VisualStudioVersion = 17.5.33627.172
MinimumVisualStudioVersion = 10.0.40219.1
Project("{FAE04EC0-301F-11D3-BF4B-00C04F79EFBC}") = "typydanych zadanie 4", "typydanych zadanie 4\typydanych zadanie 4.csproj", "{B3B96615-F1FA-4C9A-9A71-E589E8F68C19}"
EndProject
Global
	GlobalSection(SolutionConfigurationPlatforms) = preSolution
		Debug|Any CPU = Debug|Any CPU
		Release|Any CPU = Release|Any CPU
	EndGlobalSection
	GlobalSection(ProjectConfigurationPlatforms) = postSolution
		{B3B96615-F1FA-4C9A-9A71-E589E8F68C19}.Debug|Any CPU.ActiveCfg = Debug|Any CPU
		{B3B96615-F1FA-4C9A-9A71-E589E8F68C19}.Debug|Any CPU.Build.0 = Debug|Any CPU
		{B3B96615-F1FA-4C9A-9A71-E589E8F68C19}.Release|Any CPU.ActiveCfg = Release|Any CPU
		{B3B96615-F1FA-4C9A-9A71-E589E8F68C19}.Release|Any CPU.Build.0 = Release|Any CPU
	EndGlobalSection
	GlobalSection(SolutionProperties) = preSolution
		HideSolutionNode = FALSE
	EndGlobalSection
	GlobalSection(ExtensibilityGlobals) = postSolution
		SolutionGuid = {D5663738-7449-4782-96AE-E1698595B798}
	EndGlobalSection
EndGlobal
